
Microsoft Visual Studio Solution File, Format Version 12.00
# Visual Studio Version 17
VisualStudioVersion = 17.3.32922.545
MinimumVisualStudioVersion = 10.0.40219.1
Project("{FAE04EC0-301F-11D3-BF4B-00C04F79EFBC}") = "KD12MVCDataAnnotation", "KD12MVCDataAnnotation\KD12MVCDataAnnotation.csproj", "{CEB373CA-99CE-4DA6-A13A-09BA68D15207}"
EndProject
Global
	GlobalSection(SolutionConfigurationPlatforms) = preSolution
		Debug|Any CPU = Debug|Any CPU
		Release|Any CPU = Release|Any CPU
	EndGlobalSection
	GlobalSection(ProjectConfigurationPlatforms) = postSolution
		{CEB373CA-99CE-4DA6-A13A-09BA68D15207}.Debug|Any CPU.ActiveCfg = Debug|Any CPU
		{CEB373CA-99CE-4DA6-A13A-09BA68D15207}.Debug|Any CPU.Build.0 = Debug|Any CPU
		{CEB373CA-99CE-4DA6-A13A-09BA68D15207}.Release|Any CPU.ActiveCfg = Release|Any CPU
		{CEB373CA-99CE-4DA6-A13A-09BA68D15207}.Release|Any CPU.Build.0 = Release|Any CPU
	EndGlobalSection
	GlobalSection(SolutionProperties) = preSolution
		HideSolutionNode = FALSE
	EndGlobalSection
	GlobalSection(ExtensibilityGlobals) = postSolution
		SolutionGuid = {6E3459A9-AAB6-4F54-BF74-1D9E51C6C151}
	EndGlobalSection
EndGlobal
